
Microsoft Visual Studio Solution File, Format Version 12.00
# Visual Studio Version 17
VisualStudioVersion = 17.2.32616.157
MinimumVisualStudioVersion = 10.0.40219.1
Project("{9A19103F-16F7-4668-BE54-9A1E7A4F7556}") = "Day1", "AdventOfCode2022\Day1.csproj", "{BB17345E-3D86-43FF-80CD-77A890FDAE01}"
EndProject
Project("{9A19103F-16F7-4668-BE54-9A1E7A4F7556}") = "Day2", "Day2\Day2.csproj", "{F730FC4B-6C0A-4C81-9B13-FDEBC4175724}"
EndProject
Project("{9A19103F-16F7-4668-BE54-9A1E7A4F7556}") = "Day3", "Day3\Day3.csproj", "{C58DB011-6C85-4799-B021-93280C291132}"
EndProject
Project("{9A19103F-16F7-4668-BE54-9A1E7A4F7556}") = "Day4", "Day4\Day4.csproj", "{16576BDF-22C8-4E9E-A55B-540D0C5C3265}"
EndProject
Project("{9A19103F-16F7-4668-BE54-9A1E7A4F7556}") = "Day5", "Day5\Day5.csproj", "{5CC0F210-47D8-4F1A-9E27-7EC1BE2C4644}"
EndProject
Project("{9A19103F-16F7-4668-BE54-9A1E7A4F7556}") = "Day6", "Day6\Day6.csproj", "{F3DACB72-A958-4814-9BF5-7BE0CF5C7C6A}"
EndProject
Project("{9A19103F-16F7-4668-BE54-9A1E7A4F7556}") = "Day7", "Day7\Day7.csproj", "{9DD5AF82-0770-4994-B8E9-6F04704A94EB}"
EndProject
Project("{9A19103F-16F7-4668-BE54-9A1E7A4F7556}") = "Day8", "Day8\Day8.csproj", "{CAF17E51-4093-44AD-9B7B-1F9C5DFA3939}"
EndProject
Project("{9A19103F-16F7-4668-BE54-9A1E7A4F7556}") = "Day9", "Day9\Day9.csproj", "{DCFEEDD6-9BA8-489F-9F44-401EE8184ADB}"
EndProject
Project("{FAE04EC0-301F-11D3-BF4B-00C04F79EFBC}") = "Day10", "Day10\Day10.csproj", "{3F87AF6A-A079-45CF-8443-68EAF14C086C}"
EndProject
Project("{FAE04EC0-301F-11D3-BF4B-00C04F79EFBC}") = "Day11", "Day11\Day11.csproj", "{E51E4BB6-62C8-4AAC-9B80-410F48EB0FB1}"
EndProject
Global
	GlobalSection(SolutionConfigurationPlatforms) = preSolution
		Debug|Any CPU = Debug|Any CPU
		Release|Any CPU = Release|Any CPU
	EndGlobalSection
	GlobalSection(ProjectConfigurationPlatforms) = postSolution
		{BB17345E-3D86-43FF-80CD-77A890FDAE01}.Debug|Any CPU.ActiveCfg = Debug|Any CPU
		{BB17345E-3D86-43FF-80CD-77A890FDAE01}.Debug|Any CPU.Build.0 = Debug|Any CPU
		{BB17345E-3D86-43FF-80CD-77A890FDAE01}.Release|Any CPU.ActiveCfg = Release|Any CPU
		{BB17345E-3D86-43FF-80CD-77A890FDAE01}.Release|Any CPU.Build.0 = Release|Any CPU
		{F730FC4B-6C0A-4C81-9B13-FDEBC4175724}.Debug|Any CPU.ActiveCfg = Debug|Any CPU
		{F730FC4B-6C0A-4C81-9B13-FDEBC4175724}.Debug|Any CPU.Build.0 = Debug|Any CPU
		{F730FC4B-6C0A-4C81-9B13-FDEBC4175724}.Release|Any CPU.ActiveCfg = Release|Any CPU
		{F730FC4B-6C0A-4C81-9B13-FDEBC4175724}.Release|Any CPU.Build.0 = Release|Any CPU
		{C58DB011-6C85-4799-B021-93280C291132}.Debug|Any CPU.ActiveCfg = Debug|Any CPU
		{C58DB011-6C85-4799-B021-93280C291132}.Debug|Any CPU.Build.0 = Debug|Any CPU
		{C58DB011-6C85-4799-B021-93280C291132}.Release|Any CPU.ActiveCfg = Release|Any CPU
		{C58DB011-6C85-4799-B021-93280C291132}.Release|Any CPU.Build.0 = Release|Any CPU
		{16576BDF-22C8-4E9E-A55B-540D0C5C3265}.Debug|Any CPU.ActiveCfg = Debug|Any CPU
		{16576BDF-22C8-4E9E-A55B-540D0C5C3265}.Debug|Any CPU.Build.0 = Debug|Any CPU
		{16576BDF-22C8-4E9E-A55B-540D0C5C3265}.Release|Any CPU.ActiveCfg = Release|Any CPU
		{16576BDF-22C8-4E9E-A55B-540D0C5C3265}.Release|Any CPU.Build.0 = Release|Any CPU
		{5CC0F210-47D8-4F1A-9E27-7EC1BE2C4644}.Debug|Any CPU.ActiveCfg = Debug|Any CPU
		{5CC0F210-47D8-4F1A-9E27-7EC1BE2C4644}.Debug|Any CPU.Build.0 = Debug|Any CPU
		{5CC0F210-47D8-4F1A-9E27-7EC1BE2C4644}.Release|Any CPU.ActiveCfg = Release|Any CPU
		{5CC0F210-47D8-4F1A-9E27-7EC1BE2C4644}.Release|Any CPU.Build.0 = Release|Any CPU
		{F3DACB72-A958-4814-9BF5-7BE0CF5C7C6A}.Debug|Any CPU.ActiveCfg = Debug|Any CPU
		{F3DACB72-A958-4814-9BF5-7BE0CF5C7C6A}.Debug|Any CPU.Build.0 = Debug|Any CPU
		{F3DACB72-A958-4814-9BF5-7BE0CF5C7C6A}.Release|Any CPU.ActiveCfg = Release|Any CPU
		{F3DACB72-A958-4814-9BF5-7BE0CF5C7C6A}.Release|Any CPU.Build.0 = Release|Any CPU
		{9DD5AF82-0770-4994-B8E9-6F04704A94EB}.Debug|Any CPU.ActiveCfg = Debug|Any CPU
		{9DD5AF82-0770-4994-B8E9-6F04704A94EB}.Debug|Any CPU.Build.0 = Debug|Any CPU
		{9DD5AF82-0770-4994-B8E9-6F04704A94EB}.Release|Any CPU.ActiveCfg = Release|Any CPU
		{9DD5AF82-0770-4994-B8E9-6F04704A94EB}.Release|Any CPU.Build.0 = Release|Any CPU
		{CAF17E51-4093-44AD-9B7B-1F9C5DFA3939}.Debug|Any CPU.ActiveCfg = Debug|Any CPU
		{CAF17E51-4093-44AD-9B7B-1F9C5DFA3939}.Debug|Any CPU.Build.0 = Debug|Any CPU
		{CAF17E51-4093-44AD-9B7B-1F9C5DFA3939}.Release|Any CPU.ActiveCfg = Release|Any CPU
		{CAF17E51-4093-44AD-9B7B-1F9C5DFA3939}.Release|Any CPU.Build.0 = Release|Any CPU
		{DCFEEDD6-9BA8-489F-9F44-401EE8184ADB}.Debug|Any CPU.ActiveCfg = Debug|Any CPU
		{DCFEEDD6-9BA8-489F-9F44-401EE8184ADB}.Debug|Any CPU.Build.0 = Debug|Any CPU
		{DCFEEDD6-9BA8-489F-9F44-401EE8184ADB}.Release|Any CPU.ActiveCfg = Release|Any CPU
		{DCFEEDD6-9BA8-489F-9F44-401EE8184ADB}.Release|Any CPU.Build.0 = Release|Any CPU
		{3F87AF6A-A079-45CF-8443-68EAF14C086C}.Debug|Any CPU.ActiveCfg = Debug|Any CPU
		{3F87AF6A-A079-45CF-8443-68EAF14C086C}.Debug|Any CPU.Build.0 = Debug|Any CPU
		{3F87AF6A-A079-45CF-8443-68EAF14C086C}.Release|Any CPU.ActiveCfg = Release|Any CPU
		{3F87AF6A-A079-45CF-8443-68EAF14C086C}.Release|Any CPU.Build.0 = Release|Any CPU
		{E51E4BB6-62C8-4AAC-9B80-410F48EB0FB1}.Debug|Any CPU.ActiveCfg = Debug|Any CPU
		{E51E4BB6-62C8-4AAC-9B80-410F48EB0FB1}.Debug|Any CPU.Build.0 = Debug|Any CPU
		{E51E4BB6-62C8-4AAC-9B80-410F48EB0FB1}.Release|Any CPU.ActiveCfg = Release|Any CPU
		{E51E4BB6-62C8-4AAC-9B80-410F48EB0FB1}.Release|Any CPU.Build.0 = Release|Any CPU
	EndGlobalSection
	GlobalSection(SolutionProperties) = preSolution
		HideSolutionNode = FALSE
	EndGlobalSection
	GlobalSection(ExtensibilityGlobals) = postSolution
		SolutionGuid = {1D417DFF-96AC-410D-88FB-0F114370E891}
	EndGlobalSection
EndGlobal
